// !$*UTF8*$!
{
	archiveVersion = 1;
	classes = {
	};
	objectVersion = 56;
	objects = {

/* Begin PBXBuildFile section */
		9771652E29AA2AA000D261B3 /* SportMenuButton.swift in Sources */ = {isa = PBXBuildFile; fileRef = 9771652D29AA2AA000D261B3 /* SportMenuButton.swift */; };
		9771653F29AB4DB300D261B3 /* TopMenuButton.swift in Sources */ = {isa = PBXBuildFile; fileRef = 9771653E29AB4DB300D261B3 /* TopMenuButton.swift */; };
		9771654629AB653400D261B3 /* SpecialSportViewController.swift in Sources */ = {isa = PBXBuildFile; fileRef = 9771654529AB653400D261B3 /* SpecialSportViewController.swift */; };
		9771654829AB655B00D261B3 /* SpecialSportCellswift.swift in Sources */ = {isa = PBXBuildFile; fileRef = 9771654729AB655B00D261B3 /* SpecialSportCellswift.swift */; };
		9771654A29AB660200D261B3 /* SpecialSportTableView.swift in Sources */ = {isa = PBXBuildFile; fileRef = 9771654929AB660200D261B3 /* SpecialSportTableView.swift */; };
		9771654C29AB693A00D261B3 /* SpecialSportViewModel.swift in Sources */ = {isa = PBXBuildFile; fileRef = 9771654B29AB693A00D261B3 /* SpecialSportViewModel.swift */; };
		9771654E29AB72E900D261B3 /* CircleButton.swift in Sources */ = {isa = PBXBuildFile; fileRef = 9771654D29AB72E900D261B3 /* CircleButton.swift */; };
		979BDEBE29A764DF00C24421 /* AppDelegate.swift in Sources */ = {isa = PBXBuildFile; fileRef = 979BDEBD29A764DF00C24421 /* AppDelegate.swift */; };
		979BDEC029A764DF00C24421 /* SceneDelegate.swift in Sources */ = {isa = PBXBuildFile; fileRef = 979BDEBF29A764DF00C24421 /* SceneDelegate.swift */; };
		979BDEC229A764DF00C24421 /* SportView.swift in Sources */ = {isa = PBXBuildFile; fileRef = 979BDEC129A764DF00C24421 /* SportView.swift */; };
		979BDEC729A764E800C24421 /* Assets.xcassets in Resources */ = {isa = PBXBuildFile; fileRef = 979BDEC629A764E800C24421 /* Assets.xcassets */; };
		979BDECA29A764E800C24421 /* LaunchScreen.storyboard in Resources */ = {isa = PBXBuildFile; fileRef = 979BDEC829A764E800C24421 /* LaunchScreen.storyboard */; };
		979BDED529A76E2F00C24421 /* SportViewController.swift in Sources */ = {isa = PBXBuildFile; fileRef = 979BDED429A76E2F00C24421 /* SportViewController.swift */; };
		979BDED729A76E4600C24421 /* SportViewModel.swift in Sources */ = {isa = PBXBuildFile; fileRef = 979BDED629A76E4600C24421 /* SportViewModel.swift */; };
		979BDF0929A77B6B00C24421 /* IDETemplateMacros.plist in Resources */ = {isa = PBXBuildFile; fileRef = 979BDF0829A77B6B00C24421 /* IDETemplateMacros.plist */; };
		979BDF0D29A77D3A00C24421 /* SportViewModelType.swift in Sources */ = {isa = PBXBuildFile; fileRef = 979BDF0C29A77D3A00C24421 /* SportViewModelType.swift */; };
		979BDF1129A7839700C24421 /* SnapKit in Frameworks */ = {isa = PBXBuildFile; productRef = 979BDF1029A7839700C24421 /* SnapKit */; };
		979BDF1329A7851800C24421 /* MainView.swift in Sources */ = {isa = PBXBuildFile; fileRef = 979BDF1229A7851800C24421 /* MainView.swift */; };
		979BDF1629A78C3400C24421 /* ChooseSportButton.swift in Sources */ = {isa = PBXBuildFile; fileRef = 979BDF1529A78C3400C24421 /* ChooseSportButton.swift */; };
		979BDF1A29A7991F00C24421 /* SportImage.swift in Sources */ = {isa = PBXBuildFile; fileRef = 979BDF1929A7991F00C24421 /* SportImage.swift */; };
		979BDF1E29A7A55100C24421 /* UIColor-Extensions.swift in Sources */ = {isa = PBXBuildFile; fileRef = 979BDF1D29A7A55100C24421 /* UIColor-Extensions.swift */; };
		979BDF2429A8BD1200C24421 /* UIButton-Extension.swift in Sources */ = {isa = PBXBuildFile; fileRef = 979BDF2329A8BD1200C24421 /* UIButton-Extension.swift */; };
		979BDF2729A8CF9500C24421 /* SettingsViewModel.swift in Sources */ = {isa = PBXBuildFile; fileRef = 979BDF2629A8CF9500C24421 /* SettingsViewModel.swift */; };
		979BDF2B29A8CFDD00C24421 /* SettingsView.swift in Sources */ = {isa = PBXBuildFile; fileRef = 979BDF2A29A8CFDD00C24421 /* SettingsView.swift */; };
		979BDF2D29A8CFE600C24421 /* SettingsViewController.swift in Sources */ = {isa = PBXBuildFile; fileRef = 979BDF2C29A8CFE600C24421 /* SettingsViewController.swift */; };
		979BDF2F29A8D3A600C24421 /* CustomLabel.swift in Sources */ = {isa = PBXBuildFile; fileRef = 979BDF2E29A8D3A600C24421 /* CustomLabel.swift */; };
		979BDF3329A8EAEE00C24421 /* UIView-Extension.swift in Sources */ = {isa = PBXBuildFile; fileRef = 979BDF3229A8EAEE00C24421 /* UIView-Extension.swift */; };
		979BDF3529A8F37000C24421 /* SwitchButton.swift in Sources */ = {isa = PBXBuildFile; fileRef = 979BDF3429A8F37000C24421 /* SwitchButton.swift */; };
		979BDF3729A906FF00C24421 /* ChosenSportViewModel.swift in Sources */ = {isa = PBXBuildFile; fileRef = 979BDF3629A906FF00C24421 /* ChosenSportViewModel.swift */; };
		979BDF3A29A9071900C24421 /* ChosenSportView.swift in Sources */ = {isa = PBXBuildFile; fileRef = 979BDF3929A9071900C24421 /* ChosenSportView.swift */; };
		979BDF3C29A9072200C24421 /* ChosenSportViewController.swift in Sources */ = {isa = PBXBuildFile; fileRef = 979BDF3B29A9072200C24421 /* ChosenSportViewController.swift */; };
		979BDF3E29A91F8000C24421 /* UIViewController-Extension.swift in Sources */ = {isa = PBXBuildFile; fileRef = 979BDF3D29A91F8000C24421 /* UIViewController-Extension.swift */; };
		979BDF4029A9229800C24421 /* TopContentView.swift in Sources */ = {isa = PBXBuildFile; fileRef = 979BDF3F29A9229800C24421 /* TopContentView.swift */; };
		979BDF4229A934A200C24421 /* Dynamic.swift in Sources */ = {isa = PBXBuildFile; fileRef = 979BDF4129A934A200C24421 /* Dynamic.swift */; };
		979BDF4429A93B2A00C24421 /* CustomButton.swift in Sources */ = {isa = PBXBuildFile; fileRef = 979BDF4329A93B2A00C24421 /* CustomButton.swift */; };
		9879A92981D5404EE6D78CBF /* Pods_USA_Sport_Challenge.framework in Frameworks */ = {isa = PBXBuildFile; fileRef = A7983676C759D2653DFE10E2 /* Pods_USA_Sport_Challenge.framework */; };
/* End PBXBuildFile section */

/* Begin PBXFileReference section */
		1D3E12ACA61CA24012331027 /* Pods-USA Sport Challenge.debug.xcconfig */ = {isa = PBXFileReference; includeInIndex = 1; lastKnownFileType = text.xcconfig; name = "Pods-USA Sport Challenge.debug.xcconfig"; path = "Target Support Files/Pods-USA Sport Challenge/Pods-USA Sport Challenge.debug.xcconfig"; sourceTree = "<group>"; };
		753F8CF19CD7F77A7F818F28 /* Pods-USA Sport Challenge.release.xcconfig */ = {isa = PBXFileReference; includeInIndex = 1; lastKnownFileType = text.xcconfig; name = "Pods-USA Sport Challenge.release.xcconfig"; path = "Target Support Files/Pods-USA Sport Challenge/Pods-USA Sport Challenge.release.xcconfig"; sourceTree = "<group>"; };
		9771652D29AA2AA000D261B3 /* SportMenuButton.swift */ = {isa = PBXFileReference; lastKnownFileType = sourcecode.swift; path = SportMenuButton.swift; sourceTree = "<group>"; };
		9771653E29AB4DB300D261B3 /* TopMenuButton.swift */ = {isa = PBXFileReference; lastKnownFileType = sourcecode.swift; path = TopMenuButton.swift; sourceTree = "<group>"; };
		9771654529AB653400D261B3 /* SpecialSportViewController.swift */ = {isa = PBXFileReference; lastKnownFileType = sourcecode.swift; path = SpecialSportViewController.swift; sourceTree = "<group>"; };
		9771654729AB655B00D261B3 /* SpecialSportCellswift.swift */ = {isa = PBXFileReference; lastKnownFileType = sourcecode.swift; path = SpecialSportCellswift.swift; sourceTree = "<group>"; };
		9771654929AB660200D261B3 /* SpecialSportTableView.swift */ = {isa = PBXFileReference; lastKnownFileType = sourcecode.swift; path = SpecialSportTableView.swift; sourceTree = "<group>"; };
		9771654B29AB693A00D261B3 /* SpecialSportViewModel.swift */ = {isa = PBXFileReference; lastKnownFileType = sourcecode.swift; path = SpecialSportViewModel.swift; sourceTree = "<group>"; };
		9771654D29AB72E900D261B3 /* CircleButton.swift */ = {isa = PBXFileReference; lastKnownFileType = sourcecode.swift; path = CircleButton.swift; sourceTree = "<group>"; };
		979BDEBA29A764DF00C24421 /* USA Sport Challenge.app */ = {isa = PBXFileReference; explicitFileType = wrapper.application; includeInIndex = 0; path = "USA Sport Challenge.app"; sourceTree = BUILT_PRODUCTS_DIR; };
		979BDEBD29A764DF00C24421 /* AppDelegate.swift */ = {isa = PBXFileReference; lastKnownFileType = sourcecode.swift; path = AppDelegate.swift; sourceTree = "<group>"; };
		979BDEBF29A764DF00C24421 /* SceneDelegate.swift */ = {isa = PBXFileReference; lastKnownFileType = sourcecode.swift; path = SceneDelegate.swift; sourceTree = "<group>"; };
		979BDEC129A764DF00C24421 /* SportView.swift */ = {isa = PBXFileReference; lastKnownFileType = sourcecode.swift; path = SportView.swift; sourceTree = "<group>"; };
		979BDEC629A764E800C24421 /* Assets.xcassets */ = {isa = PBXFileReference; lastKnownFileType = folder.assetcatalog; path = Assets.xcassets; sourceTree = "<group>"; };
		979BDEC929A764E800C24421 /* Base */ = {isa = PBXFileReference; lastKnownFileType = file.storyboard; name = Base; path = Base.lproj/LaunchScreen.storyboard; sourceTree = "<group>"; };
		979BDECB29A764E800C24421 /* Info.plist */ = {isa = PBXFileReference; lastKnownFileType = text.plist.xml; path = Info.plist; sourceTree = "<group>"; };
		979BDED429A76E2F00C24421 /* SportViewController.swift */ = {isa = PBXFileReference; lastKnownFileType = sourcecode.swift; path = SportViewController.swift; sourceTree = "<group>"; };
		979BDED629A76E4600C24421 /* SportViewModel.swift */ = {isa = PBXFileReference; lastKnownFileType = sourcecode.swift; path = SportViewModel.swift; sourceTree = "<group>"; };
		979BDF0829A77B6B00C24421 /* IDETemplateMacros.plist */ = {isa = PBXFileReference; lastKnownFileType = text.plist; path = IDETemplateMacros.plist; sourceTree = "<group>"; };
		979BDF0C29A77D3A00C24421 /* SportViewModelType.swift */ = {isa = PBXFileReference; lastKnownFileType = sourcecode.swift; path = SportViewModelType.swift; sourceTree = "<group>"; };
		979BDF1229A7851800C24421 /* MainView.swift */ = {isa = PBXFileReference; lastKnownFileType = sourcecode.swift; path = MainView.swift; sourceTree = "<group>"; };
		979BDF1529A78C3400C24421 /* ChooseSportButton.swift */ = {isa = PBXFileReference; lastKnownFileType = sourcecode.swift; path = ChooseSportButton.swift; sourceTree = "<group>"; };
		979BDF1929A7991F00C24421 /* SportImage.swift */ = {isa = PBXFileReference; lastKnownFileType = sourcecode.swift; path = SportImage.swift; sourceTree = "<group>"; };
		979BDF1D29A7A55100C24421 /* UIColor-Extensions.swift */ = {isa = PBXFileReference; lastKnownFileType = sourcecode.swift; path = "UIColor-Extensions.swift"; sourceTree = "<group>"; };
		979BDF2329A8BD1200C24421 /* UIButton-Extension.swift */ = {isa = PBXFileReference; lastKnownFileType = sourcecode.swift; path = "UIButton-Extension.swift"; sourceTree = "<group>"; };
		979BDF2629A8CF9500C24421 /* SettingsViewModel.swift */ = {isa = PBXFileReference; lastKnownFileType = sourcecode.swift; path = SettingsViewModel.swift; sourceTree = "<group>"; };
		979BDF2A29A8CFDD00C24421 /* SettingsView.swift */ = {isa = PBXFileReference; lastKnownFileType = sourcecode.swift; path = SettingsView.swift; sourceTree = "<group>"; };
		979BDF2C29A8CFE600C24421 /* SettingsViewController.swift */ = {isa = PBXFileReference; lastKnownFileType = sourcecode.swift; path = SettingsViewController.swift; sourceTree = "<group>"; };
		979BDF2E29A8D3A600C24421 /* CustomLabel.swift */ = {isa = PBXFileReference; lastKnownFileType = sourcecode.swift; path = CustomLabel.swift; sourceTree = "<group>"; };
		979BDF3229A8EAEE00C24421 /* UIView-Extension.swift */ = {isa = PBXFileReference; lastKnownFileType = sourcecode.swift; path = "UIView-Extension.swift"; sourceTree = "<group>"; };
		979BDF3429A8F37000C24421 /* SwitchButton.swift */ = {isa = PBXFileReference; lastKnownFileType = sourcecode.swift; path = SwitchButton.swift; sourceTree = "<group>"; };
		979BDF3629A906FF00C24421 /* ChosenSportViewModel.swift */ = {isa = PBXFileReference; lastKnownFileType = sourcecode.swift; path = ChosenSportViewModel.swift; sourceTree = "<group>"; };
		979BDF3929A9071900C24421 /* ChosenSportView.swift */ = {isa = PBXFileReference; lastKnownFileType = sourcecode.swift; path = ChosenSportView.swift; sourceTree = "<group>"; };
		979BDF3B29A9072200C24421 /* ChosenSportViewController.swift */ = {isa = PBXFileReference; lastKnownFileType = sourcecode.swift; path = ChosenSportViewController.swift; sourceTree = "<group>"; };
		979BDF3D29A91F8000C24421 /* UIViewController-Extension.swift */ = {isa = PBXFileReference; lastKnownFileType = sourcecode.swift; path = "UIViewController-Extension.swift"; sourceTree = "<group>"; };
		979BDF3F29A9229800C24421 /* TopContentView.swift */ = {isa = PBXFileReference; lastKnownFileType = sourcecode.swift; path = TopContentView.swift; sourceTree = "<group>"; };
		979BDF4129A934A200C24421 /* Dynamic.swift */ = {isa = PBXFileReference; lastKnownFileType = sourcecode.swift; path = Dynamic.swift; sourceTree = "<group>"; };
		979BDF4329A93B2A00C24421 /* CustomButton.swift */ = {isa = PBXFileReference; lastKnownFileType = sourcecode.swift; path = CustomButton.swift; sourceTree = "<group>"; };
		A7983676C759D2653DFE10E2 /* Pods_USA_Sport_Challenge.framework */ = {isa = PBXFileReference; explicitFileType = wrapper.framework; includeInIndex = 0; path = Pods_USA_Sport_Challenge.framework; sourceTree = BUILT_PRODUCTS_DIR; };
/* End PBXFileReference section */

/* Begin PBXFrameworksBuildPhase section */
		979BDEB729A764DF00C24421 /* Frameworks */ = {
			isa = PBXFrameworksBuildPhase;
			buildActionMask = 2147483647;
			files = (
				979BDF1129A7839700C24421 /* SnapKit in Frameworks */,
				9879A92981D5404EE6D78CBF /* Pods_USA_Sport_Challenge.framework in Frameworks */,
			);
			runOnlyForDeploymentPostprocessing = 0;
		};
/* End PBXFrameworksBuildPhase section */

/* Begin PBXGroup section */
		15C9888883B4DBAD3BD0D3BA /* Pods */ = {
			isa = PBXGroup;
			children = (
				1D3E12ACA61CA24012331027 /* Pods-USA Sport Challenge.debug.xcconfig */,
				753F8CF19CD7F77A7F818F28 /* Pods-USA Sport Challenge.release.xcconfig */,
			);
			path = Pods;
			sourceTree = "<group>";
		};
		9771652C29AA29F400D261B3 /* Helpers */ = {
			isa = PBXGroup;
			children = (
				979BDF4129A934A200C24421 /* Dynamic.swift */,
			);
			path = Helpers;
			sourceTree = "<group>";
		};
		9771653129AA419300D261B3 /* MainUI */ = {
			isa = PBXGroup;
			children = (
				979BDF3F29A9229800C24421 /* TopContentView.swift */,
				9771653E29AB4DB300D261B3 /* TopMenuButton.swift */,
				979BDF1229A7851800C24421 /* MainView.swift */,
				9771652D29AA2AA000D261B3 /* SportMenuButton.swift */,
			);
			path = MainUI;
			sourceTree = "<group>";
		};
		9771654229AB650600D261B3 /* SpecialSport */ = {
			isa = PBXGroup;
			children = (
				9771654B29AB693A00D261B3 /* SpecialSportViewModel.swift */,
				9771654529AB653400D261B3 /* SpecialSportViewController.swift */,
				9771654929AB660200D261B3 /* SpecialSportTableView.swift */,
				9771654729AB655B00D261B3 /* SpecialSportCellswift.swift */,
			);
			path = SpecialSport;
			sourceTree = "<group>";
		};
		979BDEB129A764DF00C24421 = {
			isa = PBXGroup;
			children = (
				979BDEBC29A764DF00C24421 /* USA Sport Challenge */,
				979BDEBB29A764DF00C24421 /* Products */,
				15C9888883B4DBAD3BD0D3BA /* Pods */,
				AEC80FD8ADA0E97B8FD57880 /* Frameworks */,
			);
			sourceTree = "<group>";
		};
		979BDEBB29A764DF00C24421 /* Products */ = {
			isa = PBXGroup;
			children = (
				979BDEBA29A764DF00C24421 /* USA Sport Challenge.app */,
			);
			name = Products;
			sourceTree = "<group>";
		};
		979BDEBC29A764DF00C24421 /* USA Sport Challenge */ = {
			isa = PBXGroup;
			children = (
				979BDED129A765EE00C24421 /* App */,
				979BDF2529A8CD8B00C24421 /* Extensions */,
				9771652C29AA29F400D261B3 /* Helpers */,
				979BDF0E29A77D4400C24421 /* Protocols */,
				979BDED329A7665600C24421 /* Modules */,
				979BDF1429A7851F00C24421 /* CustomElements */,
				979BDED229A7664A00C24421 /* Resources */,
			);
			path = "USA Sport Challenge";
			sourceTree = "<group>";
		};
		979BDED129A765EE00C24421 /* App */ = {
			isa = PBXGroup;
			children = (
				979BDEBD29A764DF00C24421 /* AppDelegate.swift */,
				979BDEBF29A764DF00C24421 /* SceneDelegate.swift */,
				979BDECB29A764E800C24421 /* Info.plist */,
			);
			path = App;
			sourceTree = "<group>";
		};
		979BDED229A7664A00C24421 /* Resources */ = {
			isa = PBXGroup;
			children = (
				979BDEC629A764E800C24421 /* Assets.xcassets */,
				979BDF1D29A7A55100C24421 /* UIColor-Extensions.swift */,
				979BDEC829A764E800C24421 /* LaunchScreen.storyboard */,
				979BDF0829A77B6B00C24421 /* IDETemplateMacros.plist */,
			);
			path = Resources;
			sourceTree = "<group>";
		};
		979BDED329A7665600C24421 /* Modules */ = {
			isa = PBXGroup;
			children = (
				9771653129AA419300D261B3 /* MainUI */,
				979BDF2829A8CFA600C24421 /* Sport */,
				979BDF3829A9070400C24421 /* ChosenSport */,
				9771654229AB650600D261B3 /* SpecialSport */,
				979BDF2929A8CFB100C24421 /* SettingsViewModel */,
			);
			path = Modules;
			sourceTree = "<group>";
		};
		979BDF0E29A77D4400C24421 /* Protocols */ = {
			isa = PBXGroup;
			children = (
				979BDF0C29A77D3A00C24421 /* SportViewModelType.swift */,
			);
			path = Protocols;
			sourceTree = "<group>";
		};
		979BDF1429A7851F00C24421 /* CustomElements */ = {
			isa = PBXGroup;
			children = (
				979BDF1529A78C3400C24421 /* ChooseSportButton.swift */,
				979BDF1929A7991F00C24421 /* SportImage.swift */,
				979BDF3429A8F37000C24421 /* SwitchButton.swift */,
				979BDF2E29A8D3A600C24421 /* CustomLabel.swift */,
				979BDF4329A93B2A00C24421 /* CustomButton.swift */,
				9771654D29AB72E900D261B3 /* CircleButton.swift */,
			);
			path = CustomElements;
			sourceTree = "<group>";
		};
		979BDF2529A8CD8B00C24421 /* Extensions */ = {
			isa = PBXGroup;
			children = (
				979BDF2329A8BD1200C24421 /* UIButton-Extension.swift */,
				979BDF3229A8EAEE00C24421 /* UIView-Extension.swift */,
				979BDF3D29A91F8000C24421 /* UIViewController-Extension.swift */,
			);
			path = Extensions;
			sourceTree = "<group>";
		};
		979BDF2829A8CFA600C24421 /* Sport */ = {
			isa = PBXGroup;
			children = (
				979BDED629A76E4600C24421 /* SportViewModel.swift */,
				979BDED429A76E2F00C24421 /* SportViewController.swift */,
				979BDEC129A764DF00C24421 /* SportView.swift */,
			);
			path = Sport;
			sourceTree = "<group>";
		};
		979BDF2929A8CFB100C24421 /* SettingsViewModel */ = {
			isa = PBXGroup;
			children = (
				979BDF2629A8CF9500C24421 /* SettingsViewModel.swift */,
				979BDF2C29A8CFE600C24421 /* SettingsViewController.swift */,
				979BDF2A29A8CFDD00C24421 /* SettingsView.swift */,
			);
			path = SettingsViewModel;
			sourceTree = "<group>";
		};
		979BDF3829A9070400C24421 /* ChosenSport */ = {
			isa = PBXGroup;
			children = (
				979BDF3629A906FF00C24421 /* ChosenSportViewModel.swift */,
				979BDF3B29A9072200C24421 /* ChosenSportViewController.swift */,
				979BDF3929A9071900C24421 /* ChosenSportView.swift */,
			);
			path = ChosenSport;
			sourceTree = "<group>";
		};
		AEC80FD8ADA0E97B8FD57880 /* Frameworks */ = {
			isa = PBXGroup;
			children = (
				A7983676C759D2653DFE10E2 /* Pods_USA_Sport_Challenge.framework */,
			);
			name = Frameworks;
			sourceTree = "<group>";
		};
/* End PBXGroup section */

/* Begin PBXNativeTarget section */
		979BDEB929A764DF00C24421 /* USA Sport Challenge */ = {
			isa = PBXNativeTarget;
			buildConfigurationList = 979BDECE29A764E800C24421 /* Build configuration list for PBXNativeTarget "USA Sport Challenge" */;
			buildPhases = (
				A5FC7B5AAA3C1E5C067D533D /* [CP] Check Pods Manifest.lock */,
				979BDEB629A764DF00C24421 /* Sources */,
				979BDEB729A764DF00C24421 /* Frameworks */,
				979BDEB829A764DF00C24421 /* Resources */,
				5308EB4445A58A659BE47909 /* [CP] Embed Pods Frameworks */,
			);
			buildRules = (
			);
			dependencies = (
			);
			name = "USA Sport Challenge";
			packageProductDependencies = (
				979BDF1029A7839700C24421 /* SnapKit */,
			);
			productName = "USA Sport Challenge";
			productReference = 979BDEBA29A764DF00C24421 /* USA Sport Challenge.app */;
			productType = "com.apple.product-type.application";
		};
/* End PBXNativeTarget section */

/* Begin PBXProject section */
		979BDEB229A764DF00C24421 /* Project object */ = {
			isa = PBXProject;
			attributes = {
				BuildIndependentTargetsInParallel = 1;
				LastSwiftUpdateCheck = 1410;
				LastUpgradeCheck = 1410;
				TargetAttributes = {
					979BDEB929A764DF00C24421 = {
						CreatedOnToolsVersion = 14.1;
					};
				};
			};
			buildConfigurationList = 979BDEB529A764DF00C24421 /* Build configuration list for PBXProject "USA Sport Challenge" */;
			compatibilityVersion = "Xcode 14.0";
			developmentRegion = en;
			hasScannedForEncodings = 0;
			knownRegions = (
				en,
				Base,
			);
			mainGroup = 979BDEB129A764DF00C24421;
			packageReferences = (
				979BDF0F29A7839700C24421 /* XCRemoteSwiftPackageReference "SnapKit" */,
			);
			productRefGroup = 979BDEBB29A764DF00C24421 /* Products */;
			projectDirPath = "";
			projectRoot = "";
			targets = (
				979BDEB929A764DF00C24421 /* USA Sport Challenge */,
			);
		};
/* End PBXProject section */

/* Begin PBXResourcesBuildPhase section */
		979BDEB829A764DF00C24421 /* Resources */ = {
			isa = PBXResourcesBuildPhase;
			buildActionMask = 2147483647;
			files = (
				979BDECA29A764E800C24421 /* LaunchScreen.storyboard in Resources */,
				979BDF0929A77B6B00C24421 /* IDETemplateMacros.plist in Resources */,
				979BDEC729A764E800C24421 /* Assets.xcassets in Resources */,
			);
			runOnlyForDeploymentPostprocessing = 0;
		};
/* End PBXResourcesBuildPhase section */

/* Begin PBXShellScriptBuildPhase section */
		5308EB4445A58A659BE47909 /* [CP] Embed Pods Frameworks */ = {
			isa = PBXShellScriptBuildPhase;
			buildActionMask = 2147483647;
			files = (
			);
			inputFileListPaths = (
				"${PODS_ROOT}/Target Support Files/Pods-USA Sport Challenge/Pods-USA Sport Challenge-frameworks-${CONFIGURATION}-input-files.xcfilelist",
			);
			name = "[CP] Embed Pods Frameworks";
			outputFileListPaths = (
				"${PODS_ROOT}/Target Support Files/Pods-USA Sport Challenge/Pods-USA Sport Challenge-frameworks-${CONFIGURATION}-output-files.xcfilelist",
			);
			runOnlyForDeploymentPostprocessing = 0;
			shellPath = /bin/sh;
			shellScript = "\"${PODS_ROOT}/Target Support Files/Pods-USA Sport Challenge/Pods-USA Sport Challenge-frameworks.sh\"\n";
			showEnvVarsInLog = 0;
		};
		A5FC7B5AAA3C1E5C067D533D /* [CP] Check Pods Manifest.lock */ = {
			isa = PBXShellScriptBuildPhase;
			buildActionMask = 2147483647;
			files = (
			);
			inputFileListPaths = (
			);
			inputPaths = (
				"${PODS_PODFILE_DIR_PATH}/Podfile.lock",
				"${PODS_ROOT}/Manifest.lock",
			);
			name = "[CP] Check Pods Manifest.lock";
			outputFileListPaths = (
			);
			outputPaths = (
				"$(DERIVED_FILE_DIR)/Pods-USA Sport Challenge-checkManifestLockResult.txt",
			);
			runOnlyForDeploymentPostprocessing = 0;
			shellPath = /bin/sh;
			shellScript = "diff \"${PODS_PODFILE_DIR_PATH}/Podfile.lock\" \"${PODS_ROOT}/Manifest.lock\" > /dev/null\nif [ $? != 0 ] ; then\n    # print error to STDERR\n    echo \"error: The sandbox is not in sync with the Podfile.lock. Run 'pod install' or update your CocoaPods installation.\" >&2\n    exit 1\nfi\n# This output is used by Xcode 'outputs' to avoid re-running this script phase.\necho \"SUCCESS\" > \"${SCRIPT_OUTPUT_FILE_0}\"\n";
			showEnvVarsInLog = 0;
		};
/* End PBXShellScriptBuildPhase section */

/* Begin PBXSourcesBuildPhase section */
		979BDEB629A764DF00C24421 /* Sources */ = {
			isa = PBXSourcesBuildPhase;
			buildActionMask = 2147483647;
			files = (
				979BDEC229A764DF00C24421 /* SportView.swift in Sources */,
				979BDF3E29A91F8000C24421 /* UIViewController-Extension.swift in Sources */,
				9771654629AB653400D261B3 /* SpecialSportViewController.swift in Sources */,
				979BDF2F29A8D3A600C24421 /* CustomLabel.swift in Sources */,
				979BDF1329A7851800C24421 /* MainView.swift in Sources */,
				9771652E29AA2AA000D261B3 /* SportMenuButton.swift in Sources */,
				979BDF3A29A9071900C24421 /* ChosenSportView.swift in Sources */,
				979BDF3729A906FF00C24421 /* ChosenSportViewModel.swift in Sources */,
				979BDED729A76E4600C24421 /* SportViewModel.swift in Sources */,
				9771653F29AB4DB300D261B3 /* TopMenuButton.swift in Sources */,
				9771654A29AB660200D261B3 /* SpecialSportTableView.swift in Sources */,
				9771654E29AB72E900D261B3 /* CircleButton.swift in Sources */,
				979BDF3329A8EAEE00C24421 /* UIView-Extension.swift in Sources */,
				979BDF1A29A7991F00C24421 /* SportImage.swift in Sources */,
				979BDEBE29A764DF00C24421 /* AppDelegate.swift in Sources */,
				979BDEC029A764DF00C24421 /* SceneDelegate.swift in Sources */,
				9771654C29AB693A00D261B3 /* SpecialSportViewModel.swift in Sources */,
				979BDF2429A8BD1200C24421 /* UIButton-Extension.swift in Sources */,
				979BDF2729A8CF9500C24421 /* SettingsViewModel.swift in Sources */,
				979BDED529A76E2F00C24421 /* SportViewController.swift in Sources */,
				979BDF3C29A9072200C24421 /* ChosenSportViewController.swift in Sources */,
				979BDF3529A8F37000C24421 /* SwitchButton.swift in Sources */,
				979BDF4229A934A200C24421 /* Dynamic.swift in Sources */,
				979BDF4029A9229800C24421 /* TopContentView.swift in Sources */,
				9771654829AB655B00D261B3 /* SpecialSportCellswift.swift in Sources */,
				979BDF2D29A8CFE600C24421 /* SettingsViewController.swift in Sources */,
				979BDF0D29A77D3A00C24421 /* SportViewModelType.swift in Sources */,
				979BDF4429A93B2A00C24421 /* CustomButton.swift in Sources */,
				979BDF1629A78C3400C24421 /* ChooseSportButton.swift in Sources */,
				979BDF1E29A7A55100C24421 /* UIColor-Extensions.swift in Sources */,
				979BDF2B29A8CFDD00C24421 /* SettingsView.swift in Sources */,
			);
			runOnlyForDeploymentPostprocessing = 0;
		};
/* End PBXSourcesBuildPhase section */

/* Begin PBXVariantGroup section */
		979BDEC829A764E800C24421 /* LaunchScreen.storyboard */ = {
			isa = PBXVariantGroup;
			children = (
				979BDEC929A764E800C24421 /* Base */,
			);
			name = LaunchScreen.storyboard;
			sourceTree = "<group>";
		};
/* End PBXVariantGroup section */

/* Begin XCBuildConfiguration section */
		979BDECC29A764E800C24421 /* Debug */ = {
			isa = XCBuildConfiguration;
			buildSettings = {
				ALWAYS_SEARCH_USER_PATHS = NO;
				CLANG_ANALYZER_NONNULL = YES;
				CLANG_ANALYZER_NUMBER_OBJECT_CONVERSION = YES_AGGRESSIVE;
				CLANG_CXX_LANGUAGE_STANDARD = "gnu++20";
				CLANG_ENABLE_MODULES = YES;
				CLANG_ENABLE_OBJC_ARC = YES;
				CLANG_ENABLE_OBJC_WEAK = YES;
				CLANG_WARN_BLOCK_CAPTURE_AUTORELEASING = YES;
				CLANG_WARN_BOOL_CONVERSION = YES;
				CLANG_WARN_COMMA = YES;
				CLANG_WARN_CONSTANT_CONVERSION = YES;
				CLANG_WARN_DEPRECATED_OBJC_IMPLEMENTATIONS = YES;
				CLANG_WARN_DIRECT_OBJC_ISA_USAGE = YES_ERROR;
				CLANG_WARN_DOCUMENTATION_COMMENTS = YES;
				CLANG_WARN_EMPTY_BODY = YES;
				CLANG_WARN_ENUM_CONVERSION = YES;
				CLANG_WARN_INFINITE_RECURSION = YES;
				CLANG_WARN_INT_CONVERSION = YES;
				CLANG_WARN_NON_LITERAL_NULL_CONVERSION = YES;
				CLANG_WARN_OBJC_IMPLICIT_RETAIN_SELF = YES;
				CLANG_WARN_OBJC_LITERAL_CONVERSION = YES;
				CLANG_WARN_OBJC_ROOT_CLASS = YES_ERROR;
				CLANG_WARN_QUOTED_INCLUDE_IN_FRAMEWORK_HEADER = YES;
				CLANG_WARN_RANGE_LOOP_ANALYSIS = YES;
				CLANG_WARN_STRICT_PROTOTYPES = YES;
				CLANG_WARN_SUSPICIOUS_MOVE = YES;
				CLANG_WARN_UNGUARDED_AVAILABILITY = YES_AGGRESSIVE;
				CLANG_WARN_UNREACHABLE_CODE = YES;
				CLANG_WARN__DUPLICATE_METHOD_MATCH = YES;
				COPY_PHASE_STRIP = NO;
				DEBUG_INFORMATION_FORMAT = dwarf;
				ENABLE_STRICT_OBJC_MSGSEND = YES;
				ENABLE_TESTABILITY = YES;
				GCC_C_LANGUAGE_STANDARD = gnu11;
				GCC_DYNAMIC_NO_PIC = NO;
				GCC_NO_COMMON_BLOCKS = YES;
				GCC_OPTIMIZATION_LEVEL = 0;
				GCC_PREPROCESSOR_DEFINITIONS = (
					"DEBUG=1",
					"$(inherited)",
				);
				GCC_WARN_64_TO_32_BIT_CONVERSION = YES;
				GCC_WARN_ABOUT_RETURN_TYPE = YES_ERROR;
				GCC_WARN_UNDECLARED_SELECTOR = YES;
				GCC_WARN_UNINITIALIZED_AUTOS = YES_AGGRESSIVE;
				GCC_WARN_UNUSED_FUNCTION = YES;
				GCC_WARN_UNUSED_VARIABLE = YES;
				IPHONEOS_DEPLOYMENT_TARGET = 16.1;
				MTL_ENABLE_DEBUG_INFO = INCLUDE_SOURCE;
				MTL_FAST_MATH = YES;
				ONLY_ACTIVE_ARCH = YES;
				SDKROOT = iphoneos;
				SWIFT_ACTIVE_COMPILATION_CONDITIONS = DEBUG;
				SWIFT_OPTIMIZATION_LEVEL = "-Onone";
			};
			name = Debug;
		};
		979BDECD29A764E800C24421 /* Release */ = {
			isa = XCBuildConfiguration;
			buildSettings = {
				ALWAYS_SEARCH_USER_PATHS = NO;
				CLANG_ANALYZER_NONNULL = YES;
				CLANG_ANALYZER_NUMBER_OBJECT_CONVERSION = YES_AGGRESSIVE;
				CLANG_CXX_LANGUAGE_STANDARD = "gnu++20";
				CLANG_ENABLE_MODULES = YES;
				CLANG_ENABLE_OBJC_ARC = YES;
				CLANG_ENABLE_OBJC_WEAK = YES;
				CLANG_WARN_BLOCK_CAPTURE_AUTORELEASING = YES;
				CLANG_WARN_BOOL_CONVERSION = YES;
				CLANG_WARN_COMMA = YES;
				CLANG_WARN_CONSTANT_CONVERSION = YES;
				CLANG_WARN_DEPRECATED_OBJC_IMPLEMENTATIONS = YES;
				CLANG_WARN_DIRECT_OBJC_ISA_USAGE = YES_ERROR;
				CLANG_WARN_DOCUMENTATION_COMMENTS = YES;
				CLANG_WARN_EMPTY_BODY = YES;
				CLANG_WARN_ENUM_CONVERSION = YES;
				CLANG_WARN_INFINITE_RECURSION = YES;
				CLANG_WARN_INT_CONVERSION = YES;
				CLANG_WARN_NON_LITERAL_NULL_CONVERSION = YES;
				CLANG_WARN_OBJC_IMPLICIT_RETAIN_SELF = YES;
				CLANG_WARN_OBJC_LITERAL_CONVERSION = YES;
				CLANG_WARN_OBJC_ROOT_CLASS = YES_ERROR;
				CLANG_WARN_QUOTED_INCLUDE_IN_FRAMEWORK_HEADER = YES;
				CLANG_WARN_RANGE_LOOP_ANALYSIS = YES;
				CLANG_WARN_STRICT_PROTOTYPES = YES;
				CLANG_WARN_SUSPICIOUS_MOVE = YES;
				CLANG_WARN_UNGUARDED_AVAILABILITY = YES_AGGRESSIVE;
				CLANG_WARN_UNREACHABLE_CODE = YES;
				CLANG_WARN__DUPLICATE_METHOD_MATCH = YES;
				COPY_PHASE_STRIP = NO;
				DEBUG_INFORMATION_FORMAT = "dwarf-with-dsym";
				ENABLE_NS_ASSERTIONS = NO;
				ENABLE_STRICT_OBJC_MSGSEND = YES;
				GCC_C_LANGUAGE_STANDARD = gnu11;
				GCC_NO_COMMON_BLOCKS = YES;
				GCC_WARN_64_TO_32_BIT_CONVERSION = YES;
				GCC_WARN_ABOUT_RETURN_TYPE = YES_ERROR;
				GCC_WARN_UNDECLARED_SELECTOR = YES;
				GCC_WARN_UNINITIALIZED_AUTOS = YES_AGGRESSIVE;
				GCC_WARN_UNUSED_FUNCTION = YES;
				GCC_WARN_UNUSED_VARIABLE = YES;
				IPHONEOS_DEPLOYMENT_TARGET = 16.1;
				MTL_ENABLE_DEBUG_INFO = NO;
				MTL_FAST_MATH = YES;
				SDKROOT = iphoneos;
				SWIFT_COMPILATION_MODE = wholemodule;
				SWIFT_OPTIMIZATION_LEVEL = "-O";
				VALIDATE_PRODUCT = YES;
			};
			name = Release;
		};
		979BDECF29A764E800C24421 /* Debug */ = {
			isa = XCBuildConfiguration;
			baseConfigurationReference = 1D3E12ACA61CA24012331027 /* Pods-USA Sport Challenge.debug.xcconfig */;
			buildSettings = {
				ASSETCATALOG_COMPILER_APPICON_NAME = AppIcon;
				ASSETCATALOG_COMPILER_GLOBAL_ACCENT_COLOR_NAME = AccentColor;
				CODE_SIGN_STYLE = Automatic;
				CURRENT_PROJECT_VERSION = 1;
				DEVELOPMENT_TEAM = TFHTVVP3TH;
				GENERATE_INFOPLIST_FILE = YES;
				INFOPLIST_FILE = "USA Sport Challenge/App/Info.plist";
				INFOPLIST_KEY_UIApplicationSupportsIndirectInputEvents = YES;
				INFOPLIST_KEY_UILaunchStoryboardName = LaunchScreen;
				INFOPLIST_KEY_UISupportedInterfaceOrientations = UIInterfaceOrientationPortrait;
				INFOPLIST_KEY_UISupportedInterfaceOrientations_iPad = "UIInterfaceOrientationLandscapeLeft UIInterfaceOrientationLandscapeRight UIInterfaceOrientationPortrait UIInterfaceOrientationPortraitUpsideDown";
				IPHONEOS_DEPLOYMENT_TARGET = 13.0;
				LD_RUNPATH_SEARCH_PATHS = (
					"$(inherited)",
					"@executable_path/Frameworks",
				);
				MARKETING_VERSION = 1.0;
				PRODUCT_BUNDLE_IDENTIFIER = "kazakov.com.USA-Sport-Challenge";
				PRODUCT_NAME = "$(TARGET_NAME)";
				SUPPORTED_PLATFORMS = "iphoneos iphonesimulator";
				SUPPORTS_MACCATALYST = NO;
				SUPPORTS_MAC_DESIGNED_FOR_IPHONE_IPAD = NO;
				SWIFT_EMIT_LOC_STRINGS = YES;
				SWIFT_VERSION = 5.0;
				TARGETED_DEVICE_FAMILY = 1;
			};
			name = Debug;
		};
		979BDED029A764E800C24421 /* Release */ = {
			isa = XCBuildConfiguration;
			baseConfigurationReference = 753F8CF19CD7F77A7F818F28 /* Pods-USA Sport Challenge.release.xcconfig */;
			buildSettings = {
				ASSETCATALOG_COMPILER_APPICON_NAME = AppIcon;
				ASSETCATALOG_COMPILER_GLOBAL_ACCENT_COLOR_NAME = AccentColor;
				CODE_SIGN_STYLE = Automatic;
				CURRENT_PROJECT_VERSION = 1;
				DEVELOPMENT_TEAM = TFHTVVP3TH;
				GENERATE_INFOPLIST_FILE = YES;
				INFOPLIST_FILE = "USA Sport Challenge/App/Info.plist";
				INFOPLIST_KEY_UIApplicationSupportsIndirectInputEvents = YES;
				INFOPLIST_KEY_UILaunchStoryboardName = LaunchScreen;
				INFOPLIST_KEY_UISupportedInterfaceOrientations = UIInterfaceOrientationPortrait;
				INFOPLIST_KEY_UISupportedInterfaceOrientations_iPad = "UIInterfaceOrientationLandscapeLeft UIInterfaceOrientationLandscapeRight UIInterfaceOrientationPortrait UIInterfaceOrientationPortraitUpsideDown";
				IPHONEOS_DEPLOYMENT_TARGET = 13.0;
				LD_RUNPATH_SEARCH_PATHS = (
					"$(inherited)",
					"@executable_path/Frameworks",
				);
				MARKETING_VERSION = 1.0;
				PRODUCT_BUNDLE_IDENTIFIER = "kazakov.com.USA-Sport-Challenge";
				PRODUCT_NAME = "$(TARGET_NAME)";
				SUPPORTED_PLATFORMS = "iphoneos iphonesimulator";
				SUPPORTS_MACCATALYST = NO;
				SUPPORTS_MAC_DESIGNED_FOR_IPHONE_IPAD = NO;
				SWIFT_EMIT_LOC_STRINGS = YES;
				SWIFT_VERSION = 5.0;
				TARGETED_DEVICE_FAMILY = 1;
			};
			name = Release;
		};
/* End XCBuildConfiguration section */

/* Begin XCConfigurationList section */
		979BDEB529A764DF00C24421 /* Build configuration list for PBXProject "USA Sport Challenge" */ = {
			isa = XCConfigurationList;
			buildConfigurations = (
				979BDECC29A764E800C24421 /* Debug */,
				979BDECD29A764E800C24421 /* Release */,
			);
			defaultConfigurationIsVisible = 0;
			defaultConfigurationName = Release;
		};
		979BDECE29A764E800C24421 /* Build configuration list for PBXNativeTarget "USA Sport Challenge" */ = {
			isa = XCConfigurationList;
			buildConfigurations = (
				979BDECF29A764E800C24421 /* Debug */,
				979BDED029A764E800C24421 /* Release */,
			);
			defaultConfigurationIsVisible = 0;
			defaultConfigurationName = Release;
		};
/* End XCConfigurationList section */

/* Begin XCRemoteSwiftPackageReference section */
		979BDF0F29A7839700C24421 /* XCRemoteSwiftPackageReference "SnapKit" */ = {
			isa = XCRemoteSwiftPackageReference;
			repositoryURL = "https://github.com/SnapKit/SnapKit.git";
			requirement = {
				branch = develop;
				kind = branch;
			};
		};
/* End XCRemoteSwiftPackageReference section */

/* Begin XCSwiftPackageProductDependency section */
		979BDF1029A7839700C24421 /* SnapKit */ = {
			isa = XCSwiftPackageProductDependency;
			package = 979BDF0F29A7839700C24421 /* XCRemoteSwiftPackageReference "SnapKit" */;
			productName = SnapKit;
		};
/* End XCSwiftPackageProductDependency section */
	};
	rootObject = 979BDEB229A764DF00C24421 /* Project object */;
}
